// !$*UTF8*$!
{
	archiveVersion = 1;
	classes = {
	};
	objectVersion = 77;
	objects = {

/* Begin PBXBuildFile section */
		ABA37AEB2DB278F20074D93F /* SortaDaemon.app in Daemon Wrap */ = {isa = PBXBuildFile; fileRef = ABA37AD22DB276B20074D93F /* SortaDaemon.app */; settings = {ATTRIBUTES = (RemoveHeadersOnCopy, ); }; };
		ABA37B2C2DB2E9DF0074D93F /* LLM in Frameworks */ = {isa = PBXBuildFile; productRef = ABA37B2B2DB2E9DF0074D93F /* LLM */; };
		ABA37B302DB2EA350074D93F /* llama.framework in Frameworks */ = {isa = PBXBuildFile; fileRef = AB08F1172DB1B7E90070C1ED /* llama.framework */; };
		ABA37B312DB2EA350074D93F /* llama.framework in Embed Frameworks */ = {isa = PBXBuildFile; fileRef = AB08F1172DB1B7E90070C1ED /* llama.framework */; settings = {ATTRIBUTES = (CodeSignOnCopy, RemoveHeadersOnCopy, ); }; };
/* End PBXBuildFile section */

/* Begin PBXContainerItemProxy section */
		ABC4397A2DADA8C9006674AA /* PBXContainerItemProxy */ = {
			isa = PBXContainerItemProxy;
			containerPortal = ABC439612DADA8C8006674AA /* Project object */;
			proxyType = 1;
			remoteGlobalIDString = ABC439682DADA8C8006674AA;
			remoteInfo = Sorta;
		};
		ABC439842DADA8C9006674AA /* PBXContainerItemProxy */ = {
			isa = PBXContainerItemProxy;
			containerPortal = ABC439612DADA8C8006674AA /* Project object */;
			proxyType = 1;
			remoteGlobalIDString = ABC439682DADA8C8006674AA;
			remoteInfo = Sorta;
		};
/* End PBXContainerItemProxy section */

/* Begin PBXCopyFilesBuildPhase section */
		ABA37AEA2DB278DE0074D93F /* Daemon Wrap */ = {
			isa = PBXCopyFilesBuildPhase;
			buildActionMask = 2147483647;
			dstPath = Contents/MacOS;
			dstSubfolderSpec = 1;
			files = (
				ABA37AEB2DB278F20074D93F /* SortaDaemon.app in Daemon Wrap */,
			);
			name = "Daemon Wrap";
			runOnlyForDeploymentPostprocessing = 0;
		};
		ABA37B322DB2EA350074D93F /* Embed Frameworks */ = {
			isa = PBXCopyFilesBuildPhase;
			buildActionMask = 2147483647;
			dstPath = "";
			dstSubfolderSpec = 10;
			files = (
				ABA37B312DB2EA350074D93F /* llama.framework in Embed Frameworks */,
			);
			name = "Embed Frameworks";
			runOnlyForDeploymentPostprocessing = 0;
		};
/* End PBXCopyFilesBuildPhase section */

/* Begin PBXFileReference section */
		AB08F1172DB1B7E90070C1ED /* llama.framework */ = {isa = PBXFileReference; lastKnownFileType = wrapper.framework; path = llama.framework; sourceTree = "<group>"; };
		ABA37AD22DB276B20074D93F /* SortaDaemon.app */ = {isa = PBXFileReference; explicitFileType = wrapper.application; includeInIndex = 0; path = SortaDaemon.app; sourceTree = BUILT_PRODUCTS_DIR; };
		ABC439692DADA8C8006674AA /* Sorta.app */ = {isa = PBXFileReference; explicitFileType = wrapper.application; includeInIndex = 0; path = Sorta.app; sourceTree = BUILT_PRODUCTS_DIR; };
		ABC439792DADA8C9006674AA /* SortaTests.xctest */ = {isa = PBXFileReference; explicitFileType = wrapper.cfbundle; includeInIndex = 0; path = SortaTests.xctest; sourceTree = BUILT_PRODUCTS_DIR; };
		ABC439832DADA8C9006674AA /* SortaUITests.xctest */ = {isa = PBXFileReference; explicitFileType = wrapper.cfbundle; includeInIndex = 0; path = SortaUITests.xctest; sourceTree = BUILT_PRODUCTS_DIR; };
/* End PBXFileReference section */

/* Begin PBXFileSystemSynchronizedBuildFileExceptionSet section */
		ABA37AE72DB276F40074D93F /* Exceptions for "Shared" folder in "SortaDaemon" target */ = {
			isa = PBXFileSystemSynchronizedBuildFileExceptionSet;
			membershipExceptions = (
				XPCProtocol.swift,
			);
			target = ABA37AD12DB276B20074D93F /* SortaDaemon */;
		};
/* End PBXFileSystemSynchronizedBuildFileExceptionSet section */

/* Begin PBXFileSystemSynchronizedRootGroup section */
		AB3F1E5A2DB167A900746ECB /* Shared */ = {
			isa = PBXFileSystemSynchronizedRootGroup;
			exceptions = (
				ABA37AE72DB276F40074D93F /* Exceptions for "Shared" folder in "SortaDaemon" target */,
			);
			path = Shared;
			sourceTree = "<group>";
		};
		ABA37AD32DB276B20074D93F /* SortaDaemon */ = {
			isa = PBXFileSystemSynchronizedRootGroup;
			path = SortaDaemon;
			sourceTree = "<group>";
		};
		ABC4396B2DADA8C8006674AA /* Sorta */ = {
			isa = PBXFileSystemSynchronizedRootGroup;
			path = Sorta;
			sourceTree = "<group>";
		};
		ABC4397C2DADA8C9006674AA /* SortaTests */ = {
			isa = PBXFileSystemSynchronizedRootGroup;
			path = SortaTests;
			sourceTree = "<group>";
		};
		ABC439862DADA8C9006674AA /* SortaUITests */ = {
			isa = PBXFileSystemSynchronizedRootGroup;
			path = SortaUITests;
			sourceTree = "<group>";
		};
/* End PBXFileSystemSynchronizedRootGroup section */

/* Begin PBXFrameworksBuildPhase section */
		ABA37ACF2DB276B20074D93F /* Frameworks */ = {
			isa = PBXFrameworksBuildPhase;
			buildActionMask = 2147483647;
			files = (
				ABA37B2C2DB2E9DF0074D93F /* LLM in Frameworks */,
			);
			runOnlyForDeploymentPostprocessing = 0;
		};
		ABC439662DADA8C8006674AA /* Frameworks */ = {
			isa = PBXFrameworksBuildPhase;
			buildActionMask = 2147483647;
			files = (
				ABA37B302DB2EA350074D93F /* llama.framework in Frameworks */,
			);
			runOnlyForDeploymentPostprocessing = 0;
		};
		ABC439762DADA8C9006674AA /* Frameworks */ = {
			isa = PBXFrameworksBuildPhase;
			buildActionMask = 2147483647;
			files = (
			);
			runOnlyForDeploymentPostprocessing = 0;
		};
		ABC439802DADA8C9006674AA /* Frameworks */ = {
			isa = PBXFrameworksBuildPhase;
			buildActionMask = 2147483647;
			files = (
			);
			runOnlyForDeploymentPostprocessing = 0;
		};
/* End PBXFrameworksBuildPhase section */

/* Begin PBXGroup section */
		AB0D77ED2DB17DC100B28181 /* Frameworks */ = {
			isa = PBXGroup;
			children = (
			);
			name = Frameworks;
			sourceTree = "<group>";
		};
		ABC439602DADA8C8006674AA = {
			isa = PBXGroup;
			children = (
				AB08F1172DB1B7E90070C1ED /* llama.framework */,
				AB3F1E5A2DB167A900746ECB /* Shared */,
				ABC4396B2DADA8C8006674AA /* Sorta */,
				ABC4397C2DADA8C9006674AA /* SortaTests */,
				ABC439862DADA8C9006674AA /* SortaUITests */,
				ABA37AD32DB276B20074D93F /* SortaDaemon */,
				AB0D77ED2DB17DC100B28181 /* Frameworks */,
				ABC4396A2DADA8C8006674AA /* Products */,
			);
			sourceTree = "<group>";
		};
		ABC4396A2DADA8C8006674AA /* Products */ = {
			isa = PBXGroup;
			children = (
				ABC439692DADA8C8006674AA /* Sorta.app */,
				ABC439792DADA8C9006674AA /* SortaTests.xctest */,
				ABC439832DADA8C9006674AA /* SortaUITests.xctest */,
				ABA37AD22DB276B20074D93F /* SortaDaemon.app */,
			);
			name = Products;
			sourceTree = "<group>";
		};
/* End PBXGroup section */

/* Begin PBXNativeTarget section */
		ABA37AD12DB276B20074D93F /* SortaDaemon */ = {
			isa = PBXNativeTarget;
			buildConfigurationList = ABA37ADB2DB276B20074D93F /* Build configuration list for PBXNativeTarget "SortaDaemon" */;
			buildPhases = (
				ABA37ACE2DB276B20074D93F /* Sources */,
				ABA37ACF2DB276B20074D93F /* Frameworks */,
				ABA37AD02DB276B20074D93F /* Resources */,
			);
			buildRules = (
			);
			dependencies = (
			);
			fileSystemSynchronizedGroups = (
				ABA37AD32DB276B20074D93F /* SortaDaemon */,
			);
			name = SortaDaemon;
			packageProductDependencies = (
				ABA37B2B2DB2E9DF0074D93F /* LLM */,
			);
			productName = SortaDaemon;
			productReference = ABA37AD22DB276B20074D93F /* SortaDaemon.app */;
			productType = "com.apple.product-type.application";
		};
		ABC439682DADA8C8006674AA /* Sorta */ = {
			isa = PBXNativeTarget;
			buildConfigurationList = ABC4398D2DADA8C9006674AA /* Build configuration list for PBXNativeTarget "Sorta" */;
			buildPhases = (
				ABC439652DADA8C8006674AA /* Sources */,
				ABC439662DADA8C8006674AA /* Frameworks */,
				ABC439672DADA8C8006674AA /* Resources */,
				ABA37AEA2DB278DE0074D93F /* Daemon Wrap */,
				ABA37B322DB2EA350074D93F /* Embed Frameworks */,
			);
			buildRules = (
			);
			dependencies = (
			);
			fileSystemSynchronizedGroups = (
				AB3F1E5A2DB167A900746ECB /* Shared */,
				ABC4396B2DADA8C8006674AA /* Sorta */,
			);
			name = Sorta;
			packageProductDependencies = (
			);
			productName = Sorta;
			productReference = ABC439692DADA8C8006674AA /* Sorta.app */;
			productType = "com.apple.product-type.application";
		};
		ABC439782DADA8C9006674AA /* SortaTests */ = {
			isa = PBXNativeTarget;
			buildConfigurationList = ABC439902DADA8C9006674AA /* Build configuration list for PBXNativeTarget "SortaTests" */;
			buildPhases = (
				ABC439752DADA8C9006674AA /* Sources */,
				ABC439762DADA8C9006674AA /* Frameworks */,
				ABC439772DADA8C9006674AA /* Resources */,
			);
			buildRules = (
			);
			dependencies = (
				ABC4397B2DADA8C9006674AA /* PBXTargetDependency */,
			);
			fileSystemSynchronizedGroups = (
				ABC4397C2DADA8C9006674AA /* SortaTests */,
			);
			name = SortaTests;
			packageProductDependencies = (
			);
			productName = SortaTests;
			productReference = ABC439792DADA8C9006674AA /* SortaTests.xctest */;
			productType = "com.apple.product-type.bundle.unit-test";
		};
		ABC439822DADA8C9006674AA /* SortaUITests */ = {
			isa = PBXNativeTarget;
			buildConfigurationList = ABC439932DADA8C9006674AA /* Build configuration list for PBXNativeTarget "SortaUITests" */;
			buildPhases = (
				ABC4397F2DADA8C9006674AA /* Sources */,
				ABC439802DADA8C9006674AA /* Frameworks */,
				ABC439812DADA8C9006674AA /* Resources */,
			);
			buildRules = (
			);
			dependencies = (
				ABC439852DADA8C9006674AA /* PBXTargetDependency */,
			);
			fileSystemSynchronizedGroups = (
				ABC439862DADA8C9006674AA /* SortaUITests */,
			);
			name = SortaUITests;
			packageProductDependencies = (
			);
			productName = SortaUITests;
			productReference = ABC439832DADA8C9006674AA /* SortaUITests.xctest */;
			productType = "com.apple.product-type.bundle.ui-testing";
		};
/* End PBXNativeTarget section */

/* Begin PBXProject section */
		ABC439612DADA8C8006674AA /* Project object */ = {
			isa = PBXProject;
			attributes = {
				BuildIndependentTargetsInParallel = 1;
				LastSwiftUpdateCheck = 1630;
				LastUpgradeCheck = 1630;
				TargetAttributes = {
					ABA37AD12DB276B20074D93F = {
						CreatedOnToolsVersion = 16.3;
					};
					ABC439682DADA8C8006674AA = {
						CreatedOnToolsVersion = 16.3;
					};
					ABC439782DADA8C9006674AA = {
						CreatedOnToolsVersion = 16.3;
						TestTargetID = ABC439682DADA8C8006674AA;
					};
					ABC439822DADA8C9006674AA = {
						CreatedOnToolsVersion = 16.3;
						TestTargetID = ABC439682DADA8C8006674AA;
					};
				};
			};
			buildConfigurationList = ABC439642DADA8C8006674AA /* Build configuration list for PBXProject "Sorta" */;
			developmentRegion = en;
			hasScannedForEncodings = 0;
			knownRegions = (
				en,
				Base,
			);
			mainGroup = ABC439602DADA8C8006674AA;
			minimizedProjectReferenceProxies = 1;
			packageReferences = (
				AB08F1112DB1AE2C0070C1ED /* XCRemoteSwiftPackageReference "LLM" */,
			);
			preferredProjectObjectVersion = 77;
			productRefGroup = ABC4396A2DADA8C8006674AA /* Products */;
			projectDirPath = "";
			projectRoot = "";
			targets = (
				ABC439682DADA8C8006674AA /* Sorta */,
				ABA37AD12DB276B20074D93F /* SortaDaemon */,
				ABC439782DADA8C9006674AA /* SortaTests */,
				ABC439822DADA8C9006674AA /* SortaUITests */,
			);
		};
/* End PBXProject section */

/* Begin PBXResourcesBuildPhase section */
		ABA37AD02DB276B20074D93F /* Resources */ = {
			isa = PBXResourcesBuildPhase;
			buildActionMask = 2147483647;
			files = (
			);
			runOnlyForDeploymentPostprocessing = 0;
		};
		ABC439672DADA8C8006674AA /* Resources */ = {
			isa = PBXResourcesBuildPhase;
			buildActionMask = 2147483647;
			files = (
			);
			runOnlyForDeploymentPostprocessing = 0;
		};
		ABC439772DADA8C9006674AA /* Resources */ = {
			isa = PBXResourcesBuildPhase;
			buildActionMask = 2147483647;
			files = (
			);
			runOnlyForDeploymentPostprocessing = 0;
		};
		ABC439812DADA8C9006674AA /* Resources */ = {
			isa = PBXResourcesBuildPhase;
			buildActionMask = 2147483647;
			files = (
			);
			runOnlyForDeploymentPostprocessing = 0;
		};
/* End PBXResourcesBuildPhase section */

/* Begin PBXSourcesBuildPhase section */
		ABA37ACE2DB276B20074D93F /* Sources */ = {
			isa = PBXSourcesBuildPhase;
			buildActionMask = 2147483647;
			files = (
			);
			runOnlyForDeploymentPostprocessing = 0;
		};
		ABC439652DADA8C8006674AA /* Sources */ = {
			isa = PBXSourcesBuildPhase;
			buildActionMask = 2147483647;
			files = (
			);
			runOnlyForDeploymentPostprocessing = 0;
		};
		ABC439752DADA8C9006674AA /* Sources */ = {
			isa = PBXSourcesBuildPhase;
			buildActionMask = 2147483647;
			files = (
			);
			runOnlyForDeploymentPostprocessing = 0;
		};
		ABC4397F2DADA8C9006674AA /* Sources */ = {
			isa = PBXSourcesBuildPhase;
			buildActionMask = 2147483647;
			files = (
			);
			runOnlyForDeploymentPostprocessing = 0;
		};
/* End PBXSourcesBuildPhase section */

/* Begin PBXTargetDependency section */
		ABC4397B2DADA8C9006674AA /* PBXTargetDependency */ = {
			isa = PBXTargetDependency;
			target = ABC439682DADA8C8006674AA /* Sorta */;
			targetProxy = ABC4397A2DADA8C9006674AA /* PBXContainerItemProxy */;
		};
		ABC439852DADA8C9006674AA /* PBXTargetDependency */ = {
			isa = PBXTargetDependency;
			target = ABC439682DADA8C8006674AA /* Sorta */;
			targetProxy = ABC439842DADA8C9006674AA /* PBXContainerItemProxy */;
		};
/* End PBXTargetDependency section */

/* Begin XCBuildConfiguration section */
		ABA37ADC2DB276B20074D93F /* Debug */ = {
			isa = XCBuildConfiguration;
			buildSettings = {
				ASSETCATALOG_COMPILER_APPICON_NAME = AppIcon;
				ASSETCATALOG_COMPILER_GLOBAL_ACCENT_COLOR_NAME = AccentColor;
				CODE_SIGN_ENTITLEMENTS = SortaDaemon/SortaDaemon.entitlements;
				CODE_SIGN_STYLE = Automatic;
				COMBINE_HIDPI_IMAGES = YES;
				CURRENT_PROJECT_VERSION = 1;
				DEVELOPMENT_TEAM = 74BX245RVN;
				ENABLE_HARDENED_RUNTIME = YES;
				ENABLE_PREVIEWS = YES;
				FRAMEWORK_SEARCH_PATHS = (
					"$(inherited)",
					"$(PROJECT_DIR)",
				);
				GENERATE_INFOPLIST_FILE = YES;
				INFOPLIST_KEY_NSHumanReadableCopyright = "";
				LD_RUNPATH_SEARCH_PATHS = (
					"$(inherited)",
					"@executable_path/../Frameworks",
				);
				MARKETING_VERSION = 1.0;
				PRODUCT_BUNDLE_IDENTIFIER = com.maxprudhomme.SortaDaemon;
				PRODUCT_NAME = "$(TARGET_NAME)";
				REGISTER_APP_GROUPS = YES;
				SWIFT_EMIT_LOC_STRINGS = YES;
				SWIFT_VERSION = 5.0;
			};
			name = Debug;
		};
		ABA37ADD2DB276B20074D93F /* Release */ = {
			isa = XCBuildConfiguration;
			buildSettings = {
				ASSETCATALOG_COMPILER_APPICON_NAME = AppIcon;
				ASSETCATALOG_COMPILER_GLOBAL_ACCENT_COLOR_NAME = AccentColor;
				CODE_SIGN_ENTITLEMENTS = SortaDaemon/SortaDaemon.entitlements;
				CODE_SIGN_STYLE = Automatic;
				COMBINE_HIDPI_IMAGES = YES;
				CURRENT_PROJECT_VERSION = 1;
				DEVELOPMENT_TEAM = 74BX245RVN;
				ENABLE_HARDENED_RUNTIME = YES;
				ENABLE_PREVIEWS = YES;
				FRAMEWORK_SEARCH_PATHS = (
					"$(inherited)",
					"$(PROJECT_DIR)",
				);
				GENERATE_INFOPLIST_FILE = YES;
				INFOPLIST_KEY_NSHumanReadableCopyright = "";
				LD_RUNPATH_SEARCH_PATHS = (
					"$(inherited)",
					"@executable_path/../Frameworks",
				);
				MARKETING_VERSION = 1.0;
				PRODUCT_BUNDLE_IDENTIFIER = com.maxprudhomme.SortaDaemon;
				PRODUCT_NAME = "$(TARGET_NAME)";
				REGISTER_APP_GROUPS = YES;
				SWIFT_EMIT_LOC_STRINGS = YES;
				SWIFT_VERSION = 5.0;
			};
			name = Release;
		};
		ABC4398B2DADA8C9006674AA /* Debug */ = {
			isa = XCBuildConfiguration;
			buildSettings = {
				ALWAYS_SEARCH_USER_PATHS = NO;
				ASSETCATALOG_COMPILER_GENERATE_SWIFT_ASSET_SYMBOL_EXTENSIONS = YES;
				CLANG_ANALYZER_NONNULL = YES;
				CLANG_ANALYZER_NUMBER_OBJECT_CONVERSION = YES_AGGRESSIVE;
				CLANG_CXX_LANGUAGE_STANDARD = "gnu++20";
				CLANG_ENABLE_MODULES = YES;
				CLANG_ENABLE_OBJC_ARC = YES;
				CLANG_ENABLE_OBJC_WEAK = YES;
				CLANG_WARN_BLOCK_CAPTURE_AUTORELEASING = YES;
				CLANG_WARN_BOOL_CONVERSION = YES;
				CLANG_WARN_COMMA = YES;
				CLANG_WARN_CONSTANT_CONVERSION = YES;
				CLANG_WARN_DEPRECATED_OBJC_IMPLEMENTATIONS = YES;
				CLANG_WARN_DIRECT_OBJC_ISA_USAGE = YES_ERROR;
				CLANG_WARN_DOCUMENTATION_COMMENTS = YES;
				CLANG_WARN_EMPTY_BODY = YES;
				CLANG_WARN_ENUM_CONVERSION = YES;
				CLANG_WARN_INFINITE_RECURSION = YES;
				CLANG_WARN_INT_CONVERSION = YES;
				CLANG_WARN_NON_LITERAL_NULL_CONVERSION = YES;
				CLANG_WARN_OBJC_IMPLICIT_RETAIN_SELF = YES;
				CLANG_WARN_OBJC_LITERAL_CONVERSION = YES;
				CLANG_WARN_OBJC_ROOT_CLASS = YES_ERROR;
				CLANG_WARN_QUOTED_INCLUDE_IN_FRAMEWORK_HEADER = YES;
				CLANG_WARN_RANGE_LOOP_ANALYSIS = YES;
				CLANG_WARN_STRICT_PROTOTYPES = YES;
				CLANG_WARN_SUSPICIOUS_MOVE = YES;
				CLANG_WARN_UNGUARDED_AVAILABILITY = YES_AGGRESSIVE;
				CLANG_WARN_UNREACHABLE_CODE = YES;
				CLANG_WARN__DUPLICATE_METHOD_MATCH = YES;
				COPY_PHASE_STRIP = NO;
				DEBUG_INFORMATION_FORMAT = dwarf;
				DEVELOPMENT_TEAM = 74BX245RVN;
				ENABLE_STRICT_OBJC_MSGSEND = YES;
				ENABLE_TESTABILITY = YES;
				ENABLE_USER_SCRIPT_SANDBOXING = YES;
				GCC_C_LANGUAGE_STANDARD = gnu17;
				GCC_DYNAMIC_NO_PIC = NO;
				GCC_NO_COMMON_BLOCKS = YES;
				GCC_OPTIMIZATION_LEVEL = 0;
				GCC_PREPROCESSOR_DEFINITIONS = (
					"DEBUG=1",
					"$(inherited)",
				);
				GCC_WARN_64_TO_32_BIT_CONVERSION = YES;
				GCC_WARN_ABOUT_RETURN_TYPE = YES_ERROR;
				GCC_WARN_UNDECLARED_SELECTOR = YES;
				GCC_WARN_UNINITIALIZED_AUTOS = YES_AGGRESSIVE;
				GCC_WARN_UNUSED_FUNCTION = YES;
				GCC_WARN_UNUSED_VARIABLE = YES;
				LOCALIZATION_PREFERS_STRING_CATALOGS = YES;
				MACOSX_DEPLOYMENT_TARGET = 15.4;
				MTL_ENABLE_DEBUG_INFO = INCLUDE_SOURCE;
				MTL_FAST_MATH = YES;
				ONLY_ACTIVE_ARCH = YES;
				SDKROOT = macosx;
				SWIFT_ACTIVE_COMPILATION_CONDITIONS = "DEBUG $(inherited)";
				SWIFT_OPTIMIZATION_LEVEL = "-Onone";
			};
			name = Debug;
		};
		ABC4398C2DADA8C9006674AA /* Release */ = {
			isa = XCBuildConfiguration;
			buildSettings = {
				ALWAYS_SEARCH_USER_PATHS = NO;
				ASSETCATALOG_COMPILER_GENERATE_SWIFT_ASSET_SYMBOL_EXTENSIONS = YES;
				CLANG_ANALYZER_NONNULL = YES;
				CLANG_ANALYZER_NUMBER_OBJECT_CONVERSION = YES_AGGRESSIVE;
				CLANG_CXX_LANGUAGE_STANDARD = "gnu++20";
				CLANG_ENABLE_MODULES = YES;
				CLANG_ENABLE_OBJC_ARC = YES;
				CLANG_ENABLE_OBJC_WEAK = YES;
				CLANG_WARN_BLOCK_CAPTURE_AUTORELEASING = YES;
				CLANG_WARN_BOOL_CONVERSION = YES;
				CLANG_WARN_COMMA = YES;
				CLANG_WARN_CONSTANT_CONVERSION = YES;
				CLANG_WARN_DEPRECATED_OBJC_IMPLEMENTATIONS = YES;
				CLANG_WARN_DIRECT_OBJC_ISA_USAGE = YES_ERROR;
				CLANG_WARN_DOCUMENTATION_COMMENTS = YES;
				CLANG_WARN_EMPTY_BODY = YES;
				CLANG_WARN_ENUM_CONVERSION = YES;
				CLANG_WARN_INFINITE_RECURSION = YES;
				CLANG_WARN_INT_CONVERSION = YES;
				CLANG_WARN_NON_LITERAL_NULL_CONVERSION = YES;
				CLANG_WARN_OBJC_IMPLICIT_RETAIN_SELF = YES;
				CLANG_WARN_OBJC_LITERAL_CONVERSION = YES;
				CLANG_WARN_OBJC_ROOT_CLASS = YES_ERROR;
				CLANG_WARN_QUOTED_INCLUDE_IN_FRAMEWORK_HEADER = YES;
				CLANG_WARN_RANGE_LOOP_ANALYSIS = YES;
				CLANG_WARN_STRICT_PROTOTYPES = YES;
				CLANG_WARN_SUSPICIOUS_MOVE = YES;
				CLANG_WARN_UNGUARDED_AVAILABILITY = YES_AGGRESSIVE;
				CLANG_WARN_UNREACHABLE_CODE = YES;
				CLANG_WARN__DUPLICATE_METHOD_MATCH = YES;
				COPY_PHASE_STRIP = NO;
				DEBUG_INFORMATION_FORMAT = "dwarf-with-dsym";
				DEVELOPMENT_TEAM = 74BX245RVN;
				ENABLE_NS_ASSERTIONS = NO;
				ENABLE_STRICT_OBJC_MSGSEND = YES;
				ENABLE_USER_SCRIPT_SANDBOXING = YES;
				GCC_C_LANGUAGE_STANDARD = gnu17;
				GCC_NO_COMMON_BLOCKS = YES;
				GCC_WARN_64_TO_32_BIT_CONVERSION = YES;
				GCC_WARN_ABOUT_RETURN_TYPE = YES_ERROR;
				GCC_WARN_UNDECLARED_SELECTOR = YES;
				GCC_WARN_UNINITIALIZED_AUTOS = YES_AGGRESSIVE;
				GCC_WARN_UNUSED_FUNCTION = YES;
				GCC_WARN_UNUSED_VARIABLE = YES;
				LOCALIZATION_PREFERS_STRING_CATALOGS = YES;
				MACOSX_DEPLOYMENT_TARGET = 15.4;
				MTL_ENABLE_DEBUG_INFO = NO;
				MTL_FAST_MATH = YES;
				SDKROOT = macosx;
				SWIFT_COMPILATION_MODE = wholemodule;
			};
			name = Release;
		};
		ABC4398E2DADA8C9006674AA /* Debug */ = {
			isa = XCBuildConfiguration;
			buildSettings = {
				ASSETCATALOG_COMPILER_APPICON_NAME = AppIcon;
				ASSETCATALOG_COMPILER_GLOBAL_ACCENT_COLOR_NAME = AccentColor;
				CODE_SIGN_ENTITLEMENTS = Sorta/Sorta.entitlements;
				CODE_SIGN_STYLE = Automatic;
				COMBINE_HIDPI_IMAGES = YES;
				CURRENT_PROJECT_VERSION = 1;
				DEVELOPMENT_TEAM = 74BX245RVN;
				ENABLE_HARDENED_RUNTIME = YES;
				ENABLE_PREVIEWS = YES;
				FRAMEWORK_SEARCH_PATHS = (
					"$(inherited)",
					"$(PROJECT_DIR)",
				);
				GENERATE_INFOPLIST_FILE = YES;
				INFOPLIST_KEY_NSHumanReadableCopyright = "";
				LD_RUNPATH_SEARCH_PATHS = (
					"$(inherited)",
					"@executable_path/../Frameworks",
				);
				MACOSX_DEPLOYMENT_TARGET = 14.0;
				MARKETING_VERSION = 1.0;
				PRODUCT_BUNDLE_IDENTIFIER = com.maxprudhomme.Sorta;
				PRODUCT_NAME = "$(TARGET_NAME)";
				REGISTER_APP_GROUPS = YES;
				SWIFT_EMIT_LOC_STRINGS = YES;
				SWIFT_VERSION = 5.0;
			};
			name = Debug;
		};
		ABC4398F2DADA8C9006674AA /* Release */ = {
			isa = XCBuildConfiguration;
			buildSettings = {
				ASSETCATALOG_COMPILER_APPICON_NAME = AppIcon;
				ASSETCATALOG_COMPILER_GLOBAL_ACCENT_COLOR_NAME = AccentColor;
				CODE_SIGN_ENTITLEMENTS = Sorta/Sorta.entitlements;
				CODE_SIGN_STYLE = Automatic;
				COMBINE_HIDPI_IMAGES = YES;
				CURRENT_PROJECT_VERSION = 1;
				DEVELOPMENT_TEAM = 74BX245RVN;
				ENABLE_HARDENED_RUNTIME = YES;
				ENABLE_PREVIEWS = YES;
				FRAMEWORK_SEARCH_PATHS = (
					"$(inherited)",
					"$(PROJECT_DIR)",
				);
				GENERATE_INFOPLIST_FILE = YES;
				INFOPLIST_KEY_NSHumanReadableCopyright = "";
				LD_RUNPATH_SEARCH_PATHS = (
					"$(inherited)",
					"@executable_path/../Frameworks",
				);
				MACOSX_DEPLOYMENT_TARGET = 14.0;
				MARKETING_VERSION = 1.0;
				PRODUCT_BUNDLE_IDENTIFIER = com.maxprudhomme.Sorta;
				PRODUCT_NAME = "$(TARGET_NAME)";
				REGISTER_APP_GROUPS = YES;
				SWIFT_EMIT_LOC_STRINGS = YES;
				SWIFT_VERSION = 5.0;
			};
			name = Release;
		};
		ABC439912DADA8C9006674AA /* Debug */ = {
			isa = XCBuildConfiguration;
			buildSettings = {
				BUNDLE_LOADER = "$(TEST_HOST)";
				CODE_SIGN_STYLE = Automatic;
				CURRENT_PROJECT_VERSION = 1;
				DEVELOPMENT_TEAM = 74BX245RVN;
				GENERATE_INFOPLIST_FILE = YES;
				MACOSX_DEPLOYMENT_TARGET = 14.0;
				MARKETING_VERSION = 1.0;
				PRODUCT_BUNDLE_IDENTIFIER = com.maxprudhomme.SortaTests;
				PRODUCT_NAME = "$(TARGET_NAME)";
				SWIFT_EMIT_LOC_STRINGS = NO;
				SWIFT_VERSION = 5.0;
				TEST_HOST = "$(BUILT_PRODUCTS_DIR)/Sorta.app/$(BUNDLE_EXECUTABLE_FOLDER_PATH)/Sorta";
			};
			name = Debug;
		};
		ABC439922DADA8C9006674AA /* Release */ = {
			isa = XCBuildConfiguration;
			buildSettings = {
				BUNDLE_LOADER = "$(TEST_HOST)";
				CODE_SIGN_STYLE = Automatic;
				CURRENT_PROJECT_VERSION = 1;
				DEVELOPMENT_TEAM = 74BX245RVN;
				GENERATE_INFOPLIST_FILE = YES;
				MACOSX_DEPLOYMENT_TARGET = 14.0;
				MARKETING_VERSION = 1.0;
				PRODUCT_BUNDLE_IDENTIFIER = com.maxprudhomme.SortaTests;
				PRODUCT_NAME = "$(TARGET_NAME)";
				SWIFT_EMIT_LOC_STRINGS = NO;
				SWIFT_VERSION = 5.0;
				TEST_HOST = "$(BUILT_PRODUCTS_DIR)/Sorta.app/$(BUNDLE_EXECUTABLE_FOLDER_PATH)/Sorta";
			};
			name = Release;
		};
		ABC439942DADA8C9006674AA /* Debug */ = {
			isa = XCBuildConfiguration;
			buildSettings = {
				CODE_SIGN_STYLE = Automatic;
				CURRENT_PROJECT_VERSION = 1;
				DEVELOPMENT_TEAM = 74BX245RVN;
				GENERATE_INFOPLIST_FILE = YES;
				MARKETING_VERSION = 1.0;
				PRODUCT_BUNDLE_IDENTIFIER = com.maxprudhomme.SortaUITests;
				PRODUCT_NAME = "$(TARGET_NAME)";
				SWIFT_EMIT_LOC_STRINGS = NO;
				SWIFT_VERSION = 5.0;
				TEST_TARGET_NAME = Sorta;
			};
			name = Debug;
		};
		ABC439952DADA8C9006674AA /* Release */ = {
			isa = XCBuildConfiguration;
			buildSettings = {
				CODE_SIGN_STYLE = Automatic;
				CURRENT_PROJECT_VERSION = 1;
				DEVELOPMENT_TEAM = 74BX245RVN;
				GENERATE_INFOPLIST_FILE = YES;
				MARKETING_VERSION = 1.0;
				PRODUCT_BUNDLE_IDENTIFIER = com.maxprudhomme.SortaUITests;
				PRODUCT_NAME = "$(TARGET_NAME)";
				SWIFT_EMIT_LOC_STRINGS = NO;
				SWIFT_VERSION = 5.0;
				TEST_TARGET_NAME = Sorta;
			};
			name = Release;
		};
/* End XCBuildConfiguration section */

/* Begin XCConfigurationList section */
		ABA37ADB2DB276B20074D93F /* Build configuration list for PBXNativeTarget "SortaDaemon" */ = {
			isa = XCConfigurationList;
			buildConfigurations = (
				ABA37ADC2DB276B20074D93F /* Debug */,
				ABA37ADD2DB276B20074D93F /* Release */,
			);
			defaultConfigurationIsVisible = 0;
			defaultConfigurationName = Release;
		};
		ABC439642DADA8C8006674AA /* Build configuration list for PBXProject "Sorta" */ = {
			isa = XCConfigurationList;
			buildConfigurations = (
				ABC4398B2DADA8C9006674AA /* Debug */,
				ABC4398C2DADA8C9006674AA /* Release */,
			);
			defaultConfigurationIsVisible = 0;
			defaultConfigurationName = Release;
		};
		ABC4398D2DADA8C9006674AA /* Build configuration list for PBXNativeTarget "Sorta" */ = {
			isa = XCConfigurationList;
			buildConfigurations = (
				ABC4398E2DADA8C9006674AA /* Debug */,
				ABC4398F2DADA8C9006674AA /* Release */,
			);
			defaultConfigurationIsVisible = 0;
			defaultConfigurationName = Release;
		};
		ABC439902DADA8C9006674AA /* Build configuration list for PBXNativeTarget "SortaTests" */ = {
			isa = XCConfigurationList;
			buildConfigurations = (
				ABC439912DADA8C9006674AA /* Debug */,
				ABC439922DADA8C9006674AA /* Release */,
			);
			defaultConfigurationIsVisible = 0;
			defaultConfigurationName = Release;
		};
		ABC439932DADA8C9006674AA /* Build configuration list for PBXNativeTarget "SortaUITests" */ = {
			isa = XCConfigurationList;
			buildConfigurations = (
				ABC439942DADA8C9006674AA /* Debug */,
				ABC439952DADA8C9006674AA /* Release */,
			);
			defaultConfigurationIsVisible = 0;
			defaultConfigurationName = Release;
		};
/* End XCConfigurationList section */

/* Begin XCRemoteSwiftPackageReference section */
		AB08F1112DB1AE2C0070C1ED /* XCRemoteSwiftPackageReference "LLM" */ = {
			isa = XCRemoteSwiftPackageReference;
			repositoryURL = "https://github.com/eastriverlee/LLM.swift";
			requirement = {
				kind = upToNextMajorVersion;
				minimumVersion = 1.4.3;
			};
		};
/* End XCRemoteSwiftPackageReference section */

/* Begin XCSwiftPackageProductDependency section */
		ABA37B2B2DB2E9DF0074D93F /* LLM */ = {
			isa = XCSwiftPackageProductDependency;
			package = AB08F1112DB1AE2C0070C1ED /* XCRemoteSwiftPackageReference "LLM" */;
			productName = LLM;
		};
/* End XCSwiftPackageProductDependency section */
	};
	rootObject = ABC439612DADA8C8006674AA /* Project object */;
}
